# This file was autogenerated by uv via the following command:
#    uv pip compile pyproject.toml --output-file uv.lock
contourpy==1.3.1
    # via matplotlib
cycler==0.12.1
    # via matplotlib
dython==0.7.4
    # via nyc-houses (pyproject.toml)
fonttools==4.56.0
    # via matplotlib
joblib==1.2.0
    # via
    #   nyc-houses (pyproject.toml)
    #   scikit-learn
    #   scikit-plot
kiwisolver==1.4.8
    # via matplotlib
matplotlib==3.7.1
    # via
    #   nyc-houses (pyproject.toml)
    #   dython
    #   scikit-plot
    #   seaborn
numpy==1.24.3
    # via
    #   nyc-houses (pyproject.toml)
    #   contourpy
    #   dython
    #   matplotlib
    #   pandas
    #   scikit-learn
    #   scipy
    #   seaborn
    #   xgboost
packaging==24.2
    # via matplotlib
pandas==2.0.3
    # via
    #   nyc-houses (pyproject.toml)
    #   dython
    #   seaborn
pillow==11.1.0
    # via matplotlib
psutil==7.0.0
    # via dython
pyarrow==19.0.0
    # via nyc-houses (pyproject.toml)
pyparsing==3.2.1
    # via matplotlib
python-dateutil==2.9.0.post0
    # via
    #   matplotlib
    #   pandas
pytz==2025.1
    # via pandas
scikit-learn==1.3.0
    # via
    #   nyc-houses (pyproject.toml)
    #   dython
    #   scikit-plot
scikit-plot==0.3.7
    # via dython
scipy==1.10.1
    # via
    #   nyc-houses (pyproject.toml)
    #   dython
    #   scikit-learn
    #   scikit-plot
    #   xgboost
seaborn==0.13.2
    # via
    #   nyc-houses (pyproject.toml)
    #   dython
six==1.17.0
    # via python-dateutil
threadpoolctl==3.5.0
    # via scikit-learn
tzdata==2025.1
    # via pandas
xgboost==1.7.3
    # via nyc-houses (pyproject.toml)
